
Microsoft Visual Studio Solution File, Format Version 12.00
# Visual Studio Version 16
VisualStudioVersion = 16.0.31112.23
MinimumVisualStudioVersion = 10.0.40219.1
Project("{8BC9CEB8-8B4A-11D0-8D11-00A0C91BC942}") = "Practica1", "Practica1.vcxproj", "{D269C63B-126B-44CD-98A9-7FB397D46449}"
EndProject
Global
	GlobalSection(SolutionConfigurationPlatforms) = preSolution
		Debug|x64 = Debug|x64
		Debug|x86 = Debug|x86
		Release|x64 = Release|x64
		Release|x86 = Release|x86
	EndGlobalSection
	GlobalSection(ProjectConfigurationPlatforms) = postSolution
		{D269C63B-126B-44CD-98A9-7FB397D46449}.Debug|x64.ActiveCfg = Debug|x64
		{D269C63B-126B-44CD-98A9-7FB397D46449}.Debug|x64.Build.0 = Debug|x64
		{D269C63B-126B-44CD-98A9-7FB397D46449}.Debug|x86.ActiveCfg = Debug|Win32
		{D269C63B-126B-44CD-98A9-7FB397D46449}.Debug|x86.Build.0 = Debug|Win32
		{D269C63B-126B-44CD-98A9-7FB397D46449}.Release|x64.ActiveCfg = Release|x64
		{D269C63B-126B-44CD-98A9-7FB397D46449}.Release|x64.Build.0 = Release|x64
		{D269C63B-126B-44CD-98A9-7FB397D46449}.Release|x86.ActiveCfg = Release|Win32
		{D269C63B-126B-44CD-98A9-7FB397D46449}.Release|x86.Build.0 = Release|Win32
	EndGlobalSection
	GlobalSection(SolutionProperties) = preSolution
		HideSolutionNode = FALSE
	EndGlobalSection
	GlobalSection(ExtensibilityGlobals) = postSolution
		SolutionGuid = {FE415B04-6397-4361-BD96-7389C1E68011}
	EndGlobalSection
EndGlobal
